
Microsoft Visual Studio Solution File, Format Version 12.00
# Visual Studio 15
VisualStudioVersion = 15.0.28307.1169
MinimumVisualStudioVersion = 10.0.40219.1
Project("{FAE04EC0-301F-11D3-BF4B-00C04F79EFBC}") = "Server", "Server\Server.csproj", "{052BCF18-12C4-48FA-8FE7-640793A92BB5}"
EndProject
Global
	GlobalSection(SolutionConfigurationPlatforms) = preSolution
		Debug|Any CPU = Debug|Any CPU
		Release|Any CPU = Release|Any CPU
	EndGlobalSection
	GlobalSection(ProjectConfigurationPlatforms) = postSolution
		{052BCF18-12C4-48FA-8FE7-640793A92BB5}.Debug|Any CPU.ActiveCfg = Debug|Any CPU
		{052BCF18-12C4-48FA-8FE7-640793A92BB5}.Debug|Any CPU.Build.0 = Debug|Any CPU
		{052BCF18-12C4-48FA-8FE7-640793A92BB5}.Release|Any CPU.ActiveCfg = Release|Any CPU
		{052BCF18-12C4-48FA-8FE7-640793A92BB5}.Release|Any CPU.Build.0 = Release|Any CPU
	EndGlobalSection
	GlobalSection(SolutionProperties) = preSolution
		HideSolutionNode = FALSE
	EndGlobalSection
	GlobalSection(ExtensibilityGlobals) = postSolution
		SolutionGuid = {8A2FC95F-8D59-4C0C-B7D8-2F6F2737BE85}
	EndGlobalSection
EndGlobal
